
Microsoft Visual Studio Solution File, Format Version 12.00
# Visual Studio 15
VisualStudioVersion = 15.0.26730.16
MinimumVisualStudioVersion = 10.0.40219.1
Project("{8BC9CEB8-8B4A-11D0-8D11-00A0C91BC942}") = "Project1", "Project1\Project1.vcxproj", "{A3CD45C0-2C5D-4371-A327-28FD1B65FAEE}"
EndProject
Global
	GlobalSection(SolutionConfigurationPlatforms) = preSolution
		Debug|x64 = Debug|x64
		Debug|x86 = Debug|x86
		Release|x64 = Release|x64
		Release|x86 = Release|x86
	EndGlobalSection
	GlobalSection(ProjectConfigurationPlatforms) = postSolution
		{A3CD45C0-2C5D-4371-A327-28FD1B65FAEE}.Debug|x64.ActiveCfg = Debug|x64
		{A3CD45C0-2C5D-4371-A327-28FD1B65FAEE}.Debug|x64.Build.0 = Debug|x64
		{A3CD45C0-2C5D-4371-A327-28FD1B65FAEE}.Debug|x86.ActiveCfg = Debug|Win32
		{A3CD45C0-2C5D-4371-A327-28FD1B65FAEE}.Debug|x86.Build.0 = Debug|Win32
		{A3CD45C0-2C5D-4371-A327-28FD1B65FAEE}.Release|x64.ActiveCfg = Release|x64
		{A3CD45C0-2C5D-4371-A327-28FD1B65FAEE}.Release|x64.Build.0 = Release|x64
		{A3CD45C0-2C5D-4371-A327-28FD1B65FAEE}.Release|x86.ActiveCfg = Release|Win32
		{A3CD45C0-2C5D-4371-A327-28FD1B65FAEE}.Release|x86.Build.0 = Release|Win32
	EndGlobalSection
	GlobalSection(SolutionProperties) = preSolution
		HideSolutionNode = FALSE
	EndGlobalSection
	GlobalSection(ExtensibilityGlobals) = postSolution
		SolutionGuid = {0AAD06F8-614E-4C9F-AD22-85DD9FFFC030}
	EndGlobalSection
EndGlobal
